
Microsoft Visual Studio Solution File, Format Version 12.00
# Visual Studio Version 16
VisualStudioVersion = 16.0.29806.167
MinimumVisualStudioVersion = 10.0.40219.1
Project("{2150E333-8FDC-42A3-9474-1A3956D46DE8}") = "Solution Items", "Solution Items", "{79D83D95-E87F-48DC-A653-1998BA9602E2}"
	ProjectSection(SolutionItems) = preProject
		.gitignore = .gitignore
		OmniCode-Settings.json = OmniCode-Settings.json
		README.md = README.md
	EndProjectSection
EndProject
Project("{FAE04EC0-301F-11D3-BF4B-00C04F79EFBC}") = "SciterCore.Framework.Tests.Unit", "SciterCore.Framework.Tests.Unit\SciterCore.Framework.Tests.Unit.csproj", "{2ED64300-CB6A-4CB3-B687-D2795395FC44}"
EndProject
Project("{2150E333-8FDC-42A3-9474-1A3956D46DE8}") = "Samples", "Samples", "{2ABBA2EF-6FEE-4F81-BF64-A1AB02BEE2C5}"
EndProject
Project("{FAE04EC0-301F-11D3-BF4B-00C04F79EFBC}") = "SciterTest.Mac", "Samples\SciterTest.Mac\SciterTest.Mac.csproj", "{764A2B71-F267-4C2E-A4CD-33E050659BD6}"
EndProject
Project("{FAE04EC0-301F-11D3-BF4B-00C04F79EFBC}") = "SciterCore.MacOS", "Platform\SciterCore.MacOS\SciterCore.MacOS.csproj", "{42BB6EC1-E806-4B5B-A242-1662AAE7BF25}"
EndProject
Project("{FAE04EC0-301F-11D3-BF4B-00C04F79EFBC}") = "SciterTest.Core", "Samples\SciterTest.Core\SciterTest.Core.csproj", "{EA51B66E-0862-4D79-8FB9-4BB1ED2CFB59}"
EndProject
Project("{FAE04EC0-301F-11D3-BF4B-00C04F79EFBC}") = "SciterTest.WinForms", "Samples\SciterTest.WinForms\SciterTest.WinForms.csproj", "{4D0745FB-910A-42F9-BC0C-B20812895A35}"
EndProject
Project("{FAE04EC0-301F-11D3-BF4B-00C04F79EFBC}") = "SciterTest.Idioms", "Samples\SciterTest.Idioms\SciterTest.Idioms.csproj", "{E9A8832F-C368-4652-9A9C-B6C87D4C5084}"
EndProject
Project("{FAE04EC0-301F-11D3-BF4B-00C04F79EFBC}") = "SciterCore.Gtk", "Platform\SciterCore.Gtk\SciterCore.Gtk.csproj", "{D60ACAE0-C246-4936-B92B-B756841DB545}"
EndProject
Project("{FAE04EC0-301F-11D3-BF4B-00C04F79EFBC}") = "SciterCore.Windows", "Platform\SciterCore.Windows\SciterCore.Windows.csproj", "{18B2E4E7-CB77-44C3-865B-BE05620ABA4D}"
EndProject
Project("{2150E333-8FDC-42A3-9474-1A3956D46DE8}") = "Shared", "Shared", "{3F91218E-BE78-4C76-8A97-C2CD48E72FE8}"
EndProject
Project("{D954291E-2A0B-460D-934E-DC6B0785DB48}") = "SciterCore.Shared", "Shared\SciterCore.Shared\SciterCore.Shared.shproj", "{8AC2F80A-0648-45D4-9F2E-B4422C4D1A9B}"
EndProject
Project("{2150E333-8FDC-42A3-9474-1A3956D46DE8}") = "Tests", "Tests", "{14C11ACF-171B-498A-B05E-1FBA845B8405}"
EndProject
Project("{9A19103F-16F7-4668-BE54-9A1E7A4F7556}") = "SciterTest.NetCore", "Samples\SciterTest.NetCore\SciterTest.NetCore.csproj", "{810AB1B7-D4EF-4DF0-9C09-5347A8A612CA}"
EndProject
Project("{2150E333-8FDC-42A3-9474-1A3956D46DE8}") = "NetCore", "NetCore", "{6D8C3511-BC01-45B5-82BF-DECE39DFB129}"
EndProject
Project("{9A19103F-16F7-4668-BE54-9A1E7A4F7556}") = "SciterTest.CoreForms", "Samples\SciterTest.CoreForms\SciterTest.CoreForms.csproj", "{1BB04D34-CEB7-4F51-8D02-980150E4C2A5}"
EndProject
Project("{FAE04EC0-301F-11D3-BF4B-00C04F79EFBC}") = "SciterTest.Wpf", "Samples\SciterTest.Wpf\SciterTest.Wpf.csproj", "{8EC9F0AE-F6C7-47CC-9407-3F8140DF52C6}"
EndProject
Project("{2150E333-8FDC-42A3-9474-1A3956D46DE8}") = "SkiaSharp", "SkiaSharp", "{244506BE-7F72-4A4F-8E22-2AF438399C05}"
EndProject
Project("{D954291E-2A0B-460D-934E-DC6B0785DB48}") = "SciterCore.Shared.WinForms", "Shared\SciterCore.Shared.WinForms\SciterCore.Shared.WinForms.shproj", "{F504805E-3A89-41DD-88D4-8319B5A31265}"
EndProject
Project("{2150E333-8FDC-42A3-9474-1A3956D46DE8}") = "Platform", "Platform", "{9F087828-7FA8-47AC-81F3-5CC574414030}"
EndProject
Project("{9A19103F-16F7-4668-BE54-9A1E7A4F7556}") = "SciterCore.NetStd", "Platform\SciterCore.NetStd\SciterCore.NetStd.csproj", "{431E9182-8873-40AB-8800-B0BFA410F7C4}"
EndProject
Project("{2150E333-8FDC-42A3-9474-1A3956D46DE8}") = "MacOS", "MacOS", "{9C16F18C-6215-4C89-B23F-AC7FB2389BB9}"
EndProject
Project("{2150E333-8FDC-42A3-9474-1A3956D46DE8}") = "Windows", "Windows", "{499B80A6-308E-4DEB-845E-E77780766462}"
EndProject
Project("{FAE04EC0-301F-11D3-BF4B-00C04F79EFBC}") = "SciterCore.Sample.SkiaSharp.MacOS", "Samples\SkiaSharp\MacOS\SciterCore.Sample.SkiaSharp.MacOS.csproj", "{53E56088-BA7F-4740-9C7A-E6E1B769B24D}"
EndProject
Project("{FAE04EC0-301F-11D3-BF4B-00C04F79EFBC}") = "SciterCore.Sample.SkiaSharp.Windows", "Samples\SkiaSharp\Windows\SciterCore.Sample.SkiaSharp.Windows.csproj", "{FABEBB54-7E6E-4DCD-A4A3-D713EA38731B}"
EndProject
Project("{2150E333-8FDC-42A3-9474-1A3956D46DE8}") = "Gtk", "Gtk", "{02492374-64B7-4FA3-BD31-7353CFEE8CE1}"
EndProject
Project("{2150E333-8FDC-42A3-9474-1A3956D46DE8}") = "Linux", "Linux", "{9B9E7187-1FB1-453B-884D-D5AA1BC8A9AD}"
EndProject
Project("{2150E333-8FDC-42A3-9474-1A3956D46DE8}") = "MacOS", "MacOS", "{007FB3FA-5AC9-41CF-8C2A-B01AADC19EE0}"
EndProject
Project("{2150E333-8FDC-42A3-9474-1A3956D46DE8}") = "Windows", "Windows", "{97E48573-3641-4B1A-BABC-DA48CAE9F9E1}"
EndProject
Project("{FAE04EC0-301F-11D3-BF4B-00C04F79EFBC}") = "SciterCore.Sample.Gtk", "Samples\Gtk\Linux\SciterCore.Sample.Gtk.csproj", "{95EE3B89-3300-4482-95A3-DC42EC8B3676}"
EndProject
Project("{FAE04EC0-301F-11D3-BF4B-00C04F79EFBC}") = "SciterCore.Sample.Gtk.MacOS", "Samples\Gtk\MacOS\SciterCore.Sample.Gtk.MacOS.csproj", "{77C8C5E7-4AB3-49FF-B8CD-4EE0B850576A}"
EndProject
Project("{FAE04EC0-301F-11D3-BF4B-00C04F79EFBC}") = "SciterCore.Sample.Gtk.Windows", "Samples\Gtk\Windows\SciterCore.Sample.Gtk.Windows.csproj", "{47D6EAB0-FC66-4DFA-BF99-914878F019A5}"
EndProject
Project("{FAE04EC0-301F-11D3-BF4B-00C04F79EFBC}") = "SciterTest.NetCore.Playground", "Samples\SciterTest.NetCore.Playground\SciterTest.NetCore.Playground.csproj", "{1A94767C-756F-44BA-9443-8053F2BCA2AC}"
EndProject
Project("{FAE04EC0-301F-11D3-BF4B-00C04F79EFBC}") = "SciterCore.Tests.Integration", "SciterCore.Tests.Integration\SciterCore.Tests.Integration.csproj", "{7CD5A242-7058-4FDA-B999-11C2BBFEC587}"
EndProject
Project("{FAE04EC0-301F-11D3-BF4B-00C04F79EFBC}") = "SciterCore.Tests.Unit", "SciterCore.Tests.Unit\SciterCore.Tests.Unit.csproj", "{B909FF06-34EB-4085-9AF8-983113BB3DA3}"
EndProject
Project("{FAE04EC0-301F-11D3-BF4B-00C04F79EFBC}") = "SciterTest.NetCore.Behaviors", "Samples\SciterTest.NetCore.Behaviors\SciterTest.NetCore.Behaviors.csproj", "{12C6932E-2934-4F51-9218-5D399384AC59}"
EndProject
Global
	GlobalSection(SharedMSBuildProjectFiles) = preSolution
		Shared\SciterCore.Shared.WinForms\SciterCore.Shared.WinForms.projitems*{18b2e4e7-cb77-44c3-865b-be05620aba4d}*SharedItemsImports = 4
		Shared\SciterCore.Shared\SciterCore.Shared.projitems*{18b2e4e7-cb77-44c3-865b-be05620aba4d}*SharedItemsImports = 4
		Shared\SciterCore.Shared\SciterCore.Shared.projitems*{1bb04d34-ceb7-4f51-8d02-980150e4c2a5}*SharedItemsImports = 5
		Shared\SciterCore.Shared\SciterCore.Shared.projitems*{42bb6ec1-e806-4b5b-a242-1662aae7bf25}*SharedItemsImports = 4
		Shared\SciterCore.Shared\SciterCore.Shared.projitems*{431e9182-8873-40ab-8800-b0bfa410f7c4}*SharedItemsImports = 5
		Shared\SciterCore.Shared\SciterCore.Shared.projitems*{8ac2f80a-0648-45d4-9f2e-b4422c4d1a9b}*SharedItemsImports = 13
		Shared\SciterCore.Shared\SciterCore.Shared.projitems*{8ec9f0ae-f6c7-47cc-9407-3f8140df52c6}*SharedItemsImports = 4
		Shared\SciterCore.Shared\SciterCore.Shared.projitems*{d60acae0-c246-4936-b92b-b756841db545}*SharedItemsImports = 4
		Shared\SciterCore.Shared.WinForms\SciterCore.Shared.WinForms.projitems*{f504805e-3a89-41dd-88d4-8319b5a31265}*SharedItemsImports = 13
	EndGlobalSection
	GlobalSection(SolutionConfigurationPlatforms) = preSolution
		Debug|Any CPU = Debug|Any CPU
		Debug|ARM = Debug|ARM
		Debug|ARM64 = Debug|ARM64
		Debug|x64 = Debug|x64
		Debug|x86 = Debug|x86
		Release|Any CPU = Release|Any CPU
		Release|ARM = Release|ARM
		Release|ARM64 = Release|ARM64
		Release|x64 = Release|x64
		Release|x86 = Release|x86
	EndGlobalSection
	GlobalSection(ProjectConfigurationPlatforms) = postSolution
		{2ED64300-CB6A-4CB3-B687-D2795395FC44}.Debug|Any CPU.ActiveCfg = Debug|Any CPU
		{2ED64300-CB6A-4CB3-B687-D2795395FC44}.Debug|Any CPU.Build.0 = Debug|Any CPU
		{2ED64300-CB6A-4CB3-B687-D2795395FC44}.Debug|ARM.ActiveCfg = Debug|Any CPU
		{2ED64300-CB6A-4CB3-B687-D2795395FC44}.Debug|ARM.Build.0 = Debug|Any CPU
		{2ED64300-CB6A-4CB3-B687-D2795395FC44}.Debug|ARM64.ActiveCfg = Debug|Any CPU
		{2ED64300-CB6A-4CB3-B687-D2795395FC44}.Debug|ARM64.Build.0 = Debug|Any CPU
		{2ED64300-CB6A-4CB3-B687-D2795395FC44}.Debug|x64.ActiveCfg = Debug|Any CPU
		{2ED64300-CB6A-4CB3-B687-D2795395FC44}.Debug|x64.Build.0 = Debug|Any CPU
		{2ED64300-CB6A-4CB3-B687-D2795395FC44}.Debug|x86.ActiveCfg = Debug|Any CPU
		{2ED64300-CB6A-4CB3-B687-D2795395FC44}.Debug|x86.Build.0 = Debug|Any CPU
		{2ED64300-CB6A-4CB3-B687-D2795395FC44}.Release|Any CPU.ActiveCfg = Release|Any CPU
		{2ED64300-CB6A-4CB3-B687-D2795395FC44}.Release|Any CPU.Build.0 = Release|Any CPU
		{2ED64300-CB6A-4CB3-B687-D2795395FC44}.Release|ARM.ActiveCfg = Release|Any CPU
		{2ED64300-CB6A-4CB3-B687-D2795395FC44}.Release|ARM.Build.0 = Release|Any CPU
		{2ED64300-CB6A-4CB3-B687-D2795395FC44}.Release|ARM64.ActiveCfg = Release|Any CPU
		{2ED64300-CB6A-4CB3-B687-D2795395FC44}.Release|ARM64.Build.0 = Release|Any CPU
		{2ED64300-CB6A-4CB3-B687-D2795395FC44}.Release|x64.ActiveCfg = Release|Any CPU
		{2ED64300-CB6A-4CB3-B687-D2795395FC44}.Release|x64.Build.0 = Release|Any CPU
		{2ED64300-CB6A-4CB3-B687-D2795395FC44}.Release|x86.ActiveCfg = Release|Any CPU
		{2ED64300-CB6A-4CB3-B687-D2795395FC44}.Release|x86.Build.0 = Release|Any CPU
		{764A2B71-F267-4C2E-A4CD-33E050659BD6}.Debug|Any CPU.ActiveCfg = Debug|Any CPU
		{764A2B71-F267-4C2E-A4CD-33E050659BD6}.Debug|Any CPU.Build.0 = Debug|Any CPU
		{764A2B71-F267-4C2E-A4CD-33E050659BD6}.Debug|ARM.ActiveCfg = Debug|Any CPU
		{764A2B71-F267-4C2E-A4CD-33E050659BD6}.Debug|ARM.Build.0 = Debug|Any CPU
		{764A2B71-F267-4C2E-A4CD-33E050659BD6}.Debug|ARM64.ActiveCfg = Debug|Any CPU
		{764A2B71-F267-4C2E-A4CD-33E050659BD6}.Debug|ARM64.Build.0 = Debug|Any CPU
		{764A2B71-F267-4C2E-A4CD-33E050659BD6}.Debug|x64.ActiveCfg = Debug|Any CPU
		{764A2B71-F267-4C2E-A4CD-33E050659BD6}.Debug|x64.Build.0 = Debug|Any CPU
		{764A2B71-F267-4C2E-A4CD-33E050659BD6}.Debug|x86.ActiveCfg = Debug|Any CPU
		{764A2B71-F267-4C2E-A4CD-33E050659BD6}.Debug|x86.Build.0 = Debug|Any CPU
		{764A2B71-F267-4C2E-A4CD-33E050659BD6}.Release|Any CPU.ActiveCfg = Release|Any CPU
		{764A2B71-F267-4C2E-A4CD-33E050659BD6}.Release|Any CPU.Build.0 = Release|Any CPU
		{764A2B71-F267-4C2E-A4CD-33E050659BD6}.Release|ARM.ActiveCfg = Release|Any CPU
		{764A2B71-F267-4C2E-A4CD-33E050659BD6}.Release|ARM.Build.0 = Release|Any CPU
		{764A2B71-F267-4C2E-A4CD-33E050659BD6}.Release|ARM64.ActiveCfg = Release|Any CPU
		{764A2B71-F267-4C2E-A4CD-33E050659BD6}.Release|ARM64.Build.0 = Release|Any CPU
		{764A2B71-F267-4C2E-A4CD-33E050659BD6}.Release|x64.ActiveCfg = Release|Any CPU
		{764A2B71-F267-4C2E-A4CD-33E050659BD6}.Release|x86.ActiveCfg = Release|Any CPU
		{764A2B71-F267-4C2E-A4CD-33E050659BD6}.Release|x86.Build.0 = Release|Any CPU
		{42BB6EC1-E806-4B5B-A242-1662AAE7BF25}.Debug|Any CPU.ActiveCfg = Debug|Any CPU
		{42BB6EC1-E806-4B5B-A242-1662AAE7BF25}.Debug|Any CPU.Build.0 = Debug|Any CPU
		{42BB6EC1-E806-4B5B-A242-1662AAE7BF25}.Debug|ARM.ActiveCfg = Debug|Any CPU
		{42BB6EC1-E806-4B5B-A242-1662AAE7BF25}.Debug|ARM.Build.0 = Debug|Any CPU
		{42BB6EC1-E806-4B5B-A242-1662AAE7BF25}.Debug|ARM64.ActiveCfg = Debug|Any CPU
		{42BB6EC1-E806-4B5B-A242-1662AAE7BF25}.Debug|ARM64.Build.0 = Debug|Any CPU
		{42BB6EC1-E806-4B5B-A242-1662AAE7BF25}.Debug|x64.ActiveCfg = Debug|Any CPU
		{42BB6EC1-E806-4B5B-A242-1662AAE7BF25}.Debug|x64.Build.0 = Debug|Any CPU
		{42BB6EC1-E806-4B5B-A242-1662AAE7BF25}.Debug|x86.ActiveCfg = Debug|Any CPU
		{42BB6EC1-E806-4B5B-A242-1662AAE7BF25}.Debug|x86.Build.0 = Debug|Any CPU
		{42BB6EC1-E806-4B5B-A242-1662AAE7BF25}.Release|Any CPU.ActiveCfg = Release|Any CPU
		{42BB6EC1-E806-4B5B-A242-1662AAE7BF25}.Release|Any CPU.Build.0 = Release|Any CPU
		{42BB6EC1-E806-4B5B-A242-1662AAE7BF25}.Release|ARM.ActiveCfg = Release|Any CPU
		{42BB6EC1-E806-4B5B-A242-1662AAE7BF25}.Release|ARM.Build.0 = Release|Any CPU
		{42BB6EC1-E806-4B5B-A242-1662AAE7BF25}.Release|ARM64.ActiveCfg = Release|Any CPU
		{42BB6EC1-E806-4B5B-A242-1662AAE7BF25}.Release|ARM64.Build.0 = Release|Any CPU
		{42BB6EC1-E806-4B5B-A242-1662AAE7BF25}.Release|x64.ActiveCfg = Release|Any CPU
		{42BB6EC1-E806-4B5B-A242-1662AAE7BF25}.Release|x64.Build.0 = Release|Any CPU
		{42BB6EC1-E806-4B5B-A242-1662AAE7BF25}.Release|x86.ActiveCfg = Release|Any CPU
		{42BB6EC1-E806-4B5B-A242-1662AAE7BF25}.Release|x86.Build.0 = Release|Any CPU
		{EA51B66E-0862-4D79-8FB9-4BB1ED2CFB59}.Debug|Any CPU.ActiveCfg = Debug|Any CPU
		{EA51B66E-0862-4D79-8FB9-4BB1ED2CFB59}.Debug|Any CPU.Build.0 = Debug|Any CPU
		{EA51B66E-0862-4D79-8FB9-4BB1ED2CFB59}.Debug|ARM.ActiveCfg = Debug|Any CPU
		{EA51B66E-0862-4D79-8FB9-4BB1ED2CFB59}.Debug|ARM.Build.0 = Debug|Any CPU
		{EA51B66E-0862-4D79-8FB9-4BB1ED2CFB59}.Debug|ARM64.ActiveCfg = Debug|Any CPU
		{EA51B66E-0862-4D79-8FB9-4BB1ED2CFB59}.Debug|ARM64.Build.0 = Debug|Any CPU
		{EA51B66E-0862-4D79-8FB9-4BB1ED2CFB59}.Debug|x64.ActiveCfg = Debug|Any CPU
		{EA51B66E-0862-4D79-8FB9-4BB1ED2CFB59}.Debug|x64.Build.0 = Debug|Any CPU
		{EA51B66E-0862-4D79-8FB9-4BB1ED2CFB59}.Debug|x86.ActiveCfg = Debug|Any CPU
		{EA51B66E-0862-4D79-8FB9-4BB1ED2CFB59}.Debug|x86.Build.0 = Debug|Any CPU
		{EA51B66E-0862-4D79-8FB9-4BB1ED2CFB59}.Release|Any CPU.ActiveCfg = Release|Any CPU
		{EA51B66E-0862-4D79-8FB9-4BB1ED2CFB59}.Release|Any CPU.Build.0 = Release|Any CPU
		{EA51B66E-0862-4D79-8FB9-4BB1ED2CFB59}.Release|ARM.ActiveCfg = Release|Any CPU
		{EA51B66E-0862-4D79-8FB9-4BB1ED2CFB59}.Release|ARM.Build.0 = Release|Any CPU
		{EA51B66E-0862-4D79-8FB9-4BB1ED2CFB59}.Release|ARM64.ActiveCfg = Release|Any CPU
		{EA51B66E-0862-4D79-8FB9-4BB1ED2CFB59}.Release|ARM64.Build.0 = Release|Any CPU
		{EA51B66E-0862-4D79-8FB9-4BB1ED2CFB59}.Release|x64.ActiveCfg = Release|Any CPU
		{EA51B66E-0862-4D79-8FB9-4BB1ED2CFB59}.Release|x86.ActiveCfg = Release|Any CPU
		{EA51B66E-0862-4D79-8FB9-4BB1ED2CFB59}.Release|x86.Build.0 = Release|Any CPU
		{4D0745FB-910A-42F9-BC0C-B20812895A35}.Debug|Any CPU.ActiveCfg = Debug|Any CPU
		{4D0745FB-910A-42F9-BC0C-B20812895A35}.Debug|Any CPU.Build.0 = Debug|Any CPU
		{4D0745FB-910A-42F9-BC0C-B20812895A35}.Debug|ARM.ActiveCfg = Debug|Any CPU
		{4D0745FB-910A-42F9-BC0C-B20812895A35}.Debug|ARM.Build.0 = Debug|Any CPU
		{4D0745FB-910A-42F9-BC0C-B20812895A35}.Debug|ARM64.ActiveCfg = Debug|Any CPU
		{4D0745FB-910A-42F9-BC0C-B20812895A35}.Debug|ARM64.Build.0 = Debug|Any CPU
		{4D0745FB-910A-42F9-BC0C-B20812895A35}.Debug|x64.ActiveCfg = Debug|Any CPU
		{4D0745FB-910A-42F9-BC0C-B20812895A35}.Debug|x64.Build.0 = Debug|Any CPU
		{4D0745FB-910A-42F9-BC0C-B20812895A35}.Debug|x86.ActiveCfg = Debug|Any CPU
		{4D0745FB-910A-42F9-BC0C-B20812895A35}.Debug|x86.Build.0 = Debug|Any CPU
		{4D0745FB-910A-42F9-BC0C-B20812895A35}.Release|Any CPU.ActiveCfg = Release|Any CPU
		{4D0745FB-910A-42F9-BC0C-B20812895A35}.Release|Any CPU.Build.0 = Release|Any CPU
		{4D0745FB-910A-42F9-BC0C-B20812895A35}.Release|ARM.ActiveCfg = Release|Any CPU
		{4D0745FB-910A-42F9-BC0C-B20812895A35}.Release|ARM.Build.0 = Release|Any CPU
		{4D0745FB-910A-42F9-BC0C-B20812895A35}.Release|ARM64.ActiveCfg = Release|Any CPU
		{4D0745FB-910A-42F9-BC0C-B20812895A35}.Release|ARM64.Build.0 = Release|Any CPU
		{4D0745FB-910A-42F9-BC0C-B20812895A35}.Release|x64.ActiveCfg = Release|Any CPU
		{4D0745FB-910A-42F9-BC0C-B20812895A35}.Release|x86.ActiveCfg = Release|Any CPU
		{4D0745FB-910A-42F9-BC0C-B20812895A35}.Release|x86.Build.0 = Release|Any CPU
		{E9A8832F-C368-4652-9A9C-B6C87D4C5084}.Debug|Any CPU.ActiveCfg = Debug|Any CPU
		{E9A8832F-C368-4652-9A9C-B6C87D4C5084}.Debug|Any CPU.Build.0 = Debug|Any CPU
		{E9A8832F-C368-4652-9A9C-B6C87D4C5084}.Debug|ARM.ActiveCfg = Debug|Any CPU
		{E9A8832F-C368-4652-9A9C-B6C87D4C5084}.Debug|ARM.Build.0 = Debug|Any CPU
		{E9A8832F-C368-4652-9A9C-B6C87D4C5084}.Debug|ARM64.ActiveCfg = Debug|Any CPU
		{E9A8832F-C368-4652-9A9C-B6C87D4C5084}.Debug|ARM64.Build.0 = Debug|Any CPU
		{E9A8832F-C368-4652-9A9C-B6C87D4C5084}.Debug|x64.ActiveCfg = Debug|Any CPU
		{E9A8832F-C368-4652-9A9C-B6C87D4C5084}.Debug|x64.Build.0 = Debug|Any CPU
		{E9A8832F-C368-4652-9A9C-B6C87D4C5084}.Debug|x86.ActiveCfg = Debug|Any CPU
		{E9A8832F-C368-4652-9A9C-B6C87D4C5084}.Debug|x86.Build.0 = Debug|Any CPU
		{E9A8832F-C368-4652-9A9C-B6C87D4C5084}.Release|Any CPU.ActiveCfg = Release|Any CPU
		{E9A8832F-C368-4652-9A9C-B6C87D4C5084}.Release|Any CPU.Build.0 = Release|Any CPU
		{E9A8832F-C368-4652-9A9C-B6C87D4C5084}.Release|ARM.ActiveCfg = Release|Any CPU
		{E9A8832F-C368-4652-9A9C-B6C87D4C5084}.Release|ARM.Build.0 = Release|Any CPU
		{E9A8832F-C368-4652-9A9C-B6C87D4C5084}.Release|ARM64.ActiveCfg = Release|Any CPU
		{E9A8832F-C368-4652-9A9C-B6C87D4C5084}.Release|ARM64.Build.0 = Release|Any CPU
		{E9A8832F-C368-4652-9A9C-B6C87D4C5084}.Release|x64.ActiveCfg = Release|Any CPU
		{E9A8832F-C368-4652-9A9C-B6C87D4C5084}.Release|x86.ActiveCfg = Release|Any CPU
		{E9A8832F-C368-4652-9A9C-B6C87D4C5084}.Release|x86.Build.0 = Release|Any CPU
		{D60ACAE0-C246-4936-B92B-B756841DB545}.Debug|Any CPU.ActiveCfg = Debug|Any CPU
		{D60ACAE0-C246-4936-B92B-B756841DB545}.Debug|Any CPU.Build.0 = Debug|Any CPU
		{D60ACAE0-C246-4936-B92B-B756841DB545}.Debug|ARM.ActiveCfg = Debug|Any CPU
		{D60ACAE0-C246-4936-B92B-B756841DB545}.Debug|ARM.Build.0 = Debug|Any CPU
		{D60ACAE0-C246-4936-B92B-B756841DB545}.Debug|ARM64.ActiveCfg = Debug|Any CPU
		{D60ACAE0-C246-4936-B92B-B756841DB545}.Debug|ARM64.Build.0 = Debug|Any CPU
		{D60ACAE0-C246-4936-B92B-B756841DB545}.Debug|x64.ActiveCfg = Debug|Any CPU
		{D60ACAE0-C246-4936-B92B-B756841DB545}.Debug|x64.Build.0 = Debug|Any CPU
		{D60ACAE0-C246-4936-B92B-B756841DB545}.Debug|x86.ActiveCfg = Debug|Any CPU
		{D60ACAE0-C246-4936-B92B-B756841DB545}.Debug|x86.Build.0 = Debug|Any CPU
		{D60ACAE0-C246-4936-B92B-B756841DB545}.Release|Any CPU.ActiveCfg = Release|Any CPU
		{D60ACAE0-C246-4936-B92B-B756841DB545}.Release|Any CPU.Build.0 = Release|Any CPU
		{D60ACAE0-C246-4936-B92B-B756841DB545}.Release|ARM.ActiveCfg = Release|Any CPU
		{D60ACAE0-C246-4936-B92B-B756841DB545}.Release|ARM.Build.0 = Release|Any CPU
		{D60ACAE0-C246-4936-B92B-B756841DB545}.Release|ARM64.ActiveCfg = Release|Any CPU
		{D60ACAE0-C246-4936-B92B-B756841DB545}.Release|ARM64.Build.0 = Release|Any CPU
		{D60ACAE0-C246-4936-B92B-B756841DB545}.Release|x64.ActiveCfg = Release|Any CPU
		{D60ACAE0-C246-4936-B92B-B756841DB545}.Release|x64.Build.0 = Release|Any CPU
		{D60ACAE0-C246-4936-B92B-B756841DB545}.Release|x86.ActiveCfg = Release|Any CPU
		{D60ACAE0-C246-4936-B92B-B756841DB545}.Release|x86.Build.0 = Release|Any CPU
		{18B2E4E7-CB77-44C3-865B-BE05620ABA4D}.Debug|Any CPU.ActiveCfg = Debug|Any CPU
		{18B2E4E7-CB77-44C3-865B-BE05620ABA4D}.Debug|Any CPU.Build.0 = Debug|Any CPU
		{18B2E4E7-CB77-44C3-865B-BE05620ABA4D}.Debug|ARM.ActiveCfg = Debug|Any CPU
		{18B2E4E7-CB77-44C3-865B-BE05620ABA4D}.Debug|ARM.Build.0 = Debug|Any CPU
		{18B2E4E7-CB77-44C3-865B-BE05620ABA4D}.Debug|ARM64.ActiveCfg = Debug|Any CPU
		{18B2E4E7-CB77-44C3-865B-BE05620ABA4D}.Debug|ARM64.Build.0 = Debug|Any CPU
		{18B2E4E7-CB77-44C3-865B-BE05620ABA4D}.Debug|x64.ActiveCfg = Debug|Any CPU
		{18B2E4E7-CB77-44C3-865B-BE05620ABA4D}.Debug|x64.Build.0 = Debug|Any CPU
		{18B2E4E7-CB77-44C3-865B-BE05620ABA4D}.Debug|x86.ActiveCfg = Debug|Any CPU
		{18B2E4E7-CB77-44C3-865B-BE05620ABA4D}.Debug|x86.Build.0 = Debug|Any CPU
		{18B2E4E7-CB77-44C3-865B-BE05620ABA4D}.Release|Any CPU.ActiveCfg = Release|Any CPU
		{18B2E4E7-CB77-44C3-865B-BE05620ABA4D}.Release|Any CPU.Build.0 = Release|Any CPU
		{18B2E4E7-CB77-44C3-865B-BE05620ABA4D}.Release|ARM.ActiveCfg = Release|Any CPU
		{18B2E4E7-CB77-44C3-865B-BE05620ABA4D}.Release|ARM.Build.0 = Release|Any CPU
		{18B2E4E7-CB77-44C3-865B-BE05620ABA4D}.Release|ARM64.ActiveCfg = Release|Any CPU
		{18B2E4E7-CB77-44C3-865B-BE05620ABA4D}.Release|ARM64.Build.0 = Release|Any CPU
		{18B2E4E7-CB77-44C3-865B-BE05620ABA4D}.Release|x64.ActiveCfg = Release|Any CPU
		{18B2E4E7-CB77-44C3-865B-BE05620ABA4D}.Release|x86.ActiveCfg = Release|Any CPU
		{18B2E4E7-CB77-44C3-865B-BE05620ABA4D}.Release|x86.Build.0 = Release|Any CPU
		{810AB1B7-D4EF-4DF0-9C09-5347A8A612CA}.Debug|Any CPU.ActiveCfg = Debug|Any CPU
		{810AB1B7-D4EF-4DF0-9C09-5347A8A612CA}.Debug|Any CPU.Build.0 = Debug|Any CPU
		{810AB1B7-D4EF-4DF0-9C09-5347A8A612CA}.Debug|ARM.ActiveCfg = Debug|Any CPU
		{810AB1B7-D4EF-4DF0-9C09-5347A8A612CA}.Debug|ARM.Build.0 = Debug|Any CPU
		{810AB1B7-D4EF-4DF0-9C09-5347A8A612CA}.Debug|ARM64.ActiveCfg = Debug|Any CPU
		{810AB1B7-D4EF-4DF0-9C09-5347A8A612CA}.Debug|ARM64.Build.0 = Debug|Any CPU
		{810AB1B7-D4EF-4DF0-9C09-5347A8A612CA}.Debug|x64.ActiveCfg = Debug|Any CPU
		{810AB1B7-D4EF-4DF0-9C09-5347A8A612CA}.Debug|x64.Build.0 = Debug|Any CPU
		{810AB1B7-D4EF-4DF0-9C09-5347A8A612CA}.Debug|x86.ActiveCfg = Debug|Any CPU
		{810AB1B7-D4EF-4DF0-9C09-5347A8A612CA}.Debug|x86.Build.0 = Debug|Any CPU
		{810AB1B7-D4EF-4DF0-9C09-5347A8A612CA}.Release|Any CPU.ActiveCfg = Release|Any CPU
		{810AB1B7-D4EF-4DF0-9C09-5347A8A612CA}.Release|Any CPU.Build.0 = Release|Any CPU
		{810AB1B7-D4EF-4DF0-9C09-5347A8A612CA}.Release|ARM.ActiveCfg = Release|Any CPU
		{810AB1B7-D4EF-4DF0-9C09-5347A8A612CA}.Release|ARM.Build.0 = Release|Any CPU
		{810AB1B7-D4EF-4DF0-9C09-5347A8A612CA}.Release|ARM64.ActiveCfg = Release|Any CPU
		{810AB1B7-D4EF-4DF0-9C09-5347A8A612CA}.Release|ARM64.Build.0 = Release|Any CPU
		{810AB1B7-D4EF-4DF0-9C09-5347A8A612CA}.Release|x64.ActiveCfg = Release|Any CPU
		{810AB1B7-D4EF-4DF0-9C09-5347A8A612CA}.Release|x64.Build.0 = Release|Any CPU
		{810AB1B7-D4EF-4DF0-9C09-5347A8A612CA}.Release|x86.ActiveCfg = Release|Any CPU
		{810AB1B7-D4EF-4DF0-9C09-5347A8A612CA}.Release|x86.Build.0 = Release|Any CPU
		{1BB04D34-CEB7-4F51-8D02-980150E4C2A5}.Debug|Any CPU.ActiveCfg = Debug|Any CPU
		{1BB04D34-CEB7-4F51-8D02-980150E4C2A5}.Debug|Any CPU.Build.0 = Debug|Any CPU
		{1BB04D34-CEB7-4F51-8D02-980150E4C2A5}.Debug|ARM.ActiveCfg = Debug|Any CPU
		{1BB04D34-CEB7-4F51-8D02-980150E4C2A5}.Debug|ARM.Build.0 = Debug|Any CPU
		{1BB04D34-CEB7-4F51-8D02-980150E4C2A5}.Debug|ARM64.ActiveCfg = Debug|Any CPU
		{1BB04D34-CEB7-4F51-8D02-980150E4C2A5}.Debug|ARM64.Build.0 = Debug|Any CPU
		{1BB04D34-CEB7-4F51-8D02-980150E4C2A5}.Debug|x64.ActiveCfg = Debug|Any CPU
		{1BB04D34-CEB7-4F51-8D02-980150E4C2A5}.Debug|x64.Build.0 = Debug|Any CPU
		{1BB04D34-CEB7-4F51-8D02-980150E4C2A5}.Debug|x86.ActiveCfg = Debug|Any CPU
		{1BB04D34-CEB7-4F51-8D02-980150E4C2A5}.Debug|x86.Build.0 = Debug|Any CPU
		{1BB04D34-CEB7-4F51-8D02-980150E4C2A5}.Release|Any CPU.ActiveCfg = Release|Any CPU
		{1BB04D34-CEB7-4F51-8D02-980150E4C2A5}.Release|Any CPU.Build.0 = Release|Any CPU
		{1BB04D34-CEB7-4F51-8D02-980150E4C2A5}.Release|ARM.ActiveCfg = Release|Any CPU
		{1BB04D34-CEB7-4F51-8D02-980150E4C2A5}.Release|ARM.Build.0 = Release|Any CPU
		{1BB04D34-CEB7-4F51-8D02-980150E4C2A5}.Release|ARM64.ActiveCfg = Release|Any CPU
		{1BB04D34-CEB7-4F51-8D02-980150E4C2A5}.Release|ARM64.Build.0 = Release|Any CPU
		{1BB04D34-CEB7-4F51-8D02-980150E4C2A5}.Release|x64.ActiveCfg = Release|Any CPU
		{1BB04D34-CEB7-4F51-8D02-980150E4C2A5}.Release|x64.Build.0 = Release|Any CPU
		{1BB04D34-CEB7-4F51-8D02-980150E4C2A5}.Release|x86.ActiveCfg = Release|Any CPU
		{1BB04D34-CEB7-4F51-8D02-980150E4C2A5}.Release|x86.Build.0 = Release|Any CPU
		{8EC9F0AE-F6C7-47CC-9407-3F8140DF52C6}.Debug|Any CPU.ActiveCfg = Debug|Any CPU
		{8EC9F0AE-F6C7-47CC-9407-3F8140DF52C6}.Debug|Any CPU.Build.0 = Debug|Any CPU
		{8EC9F0AE-F6C7-47CC-9407-3F8140DF52C6}.Debug|ARM.ActiveCfg = Debug|Any CPU
		{8EC9F0AE-F6C7-47CC-9407-3F8140DF52C6}.Debug|ARM.Build.0 = Debug|Any CPU
		{8EC9F0AE-F6C7-47CC-9407-3F8140DF52C6}.Debug|ARM64.ActiveCfg = Debug|Any CPU
		{8EC9F0AE-F6C7-47CC-9407-3F8140DF52C6}.Debug|ARM64.Build.0 = Debug|Any CPU
		{8EC9F0AE-F6C7-47CC-9407-3F8140DF52C6}.Debug|x64.ActiveCfg = Debug|Any CPU
		{8EC9F0AE-F6C7-47CC-9407-3F8140DF52C6}.Debug|x64.Build.0 = Debug|Any CPU
		{8EC9F0AE-F6C7-47CC-9407-3F8140DF52C6}.Debug|x86.ActiveCfg = Debug|Any CPU
		{8EC9F0AE-F6C7-47CC-9407-3F8140DF52C6}.Debug|x86.Build.0 = Debug|Any CPU
		{8EC9F0AE-F6C7-47CC-9407-3F8140DF52C6}.Release|Any CPU.ActiveCfg = Release|Any CPU
		{8EC9F0AE-F6C7-47CC-9407-3F8140DF52C6}.Release|Any CPU.Build.0 = Release|Any CPU
		{8EC9F0AE-F6C7-47CC-9407-3F8140DF52C6}.Release|ARM.ActiveCfg = Release|Any CPU
		{8EC9F0AE-F6C7-47CC-9407-3F8140DF52C6}.Release|ARM.Build.0 = Release|Any CPU
		{8EC9F0AE-F6C7-47CC-9407-3F8140DF52C6}.Release|ARM64.ActiveCfg = Release|Any CPU
		{8EC9F0AE-F6C7-47CC-9407-3F8140DF52C6}.Release|ARM64.Build.0 = Release|Any CPU
		{8EC9F0AE-F6C7-47CC-9407-3F8140DF52C6}.Release|x64.ActiveCfg = Release|Any CPU
		{8EC9F0AE-F6C7-47CC-9407-3F8140DF52C6}.Release|x64.Build.0 = Release|Any CPU
		{8EC9F0AE-F6C7-47CC-9407-3F8140DF52C6}.Release|x86.ActiveCfg = Release|Any CPU
		{8EC9F0AE-F6C7-47CC-9407-3F8140DF52C6}.Release|x86.Build.0 = Release|Any CPU
		{431E9182-8873-40AB-8800-B0BFA410F7C4}.Debug|Any CPU.ActiveCfg = Debug|Any CPU
		{431E9182-8873-40AB-8800-B0BFA410F7C4}.Debug|Any CPU.Build.0 = Debug|Any CPU
		{431E9182-8873-40AB-8800-B0BFA410F7C4}.Debug|ARM.ActiveCfg = Debug|Any CPU
		{431E9182-8873-40AB-8800-B0BFA410F7C4}.Debug|ARM.Build.0 = Debug|Any CPU
		{431E9182-8873-40AB-8800-B0BFA410F7C4}.Debug|ARM64.ActiveCfg = Debug|Any CPU
		{431E9182-8873-40AB-8800-B0BFA410F7C4}.Debug|ARM64.Build.0 = Debug|Any CPU
		{431E9182-8873-40AB-8800-B0BFA410F7C4}.Debug|x64.ActiveCfg = Debug|Any CPU
		{431E9182-8873-40AB-8800-B0BFA410F7C4}.Debug|x64.Build.0 = Debug|Any CPU
		{431E9182-8873-40AB-8800-B0BFA410F7C4}.Debug|x86.ActiveCfg = Debug|Any CPU
		{431E9182-8873-40AB-8800-B0BFA410F7C4}.Debug|x86.Build.0 = Debug|Any CPU
		{431E9182-8873-40AB-8800-B0BFA410F7C4}.Release|Any CPU.ActiveCfg = Release|Any CPU
		{431E9182-8873-40AB-8800-B0BFA410F7C4}.Release|Any CPU.Build.0 = Release|Any CPU
		{431E9182-8873-40AB-8800-B0BFA410F7C4}.Release|ARM.ActiveCfg = Release|Any CPU
		{431E9182-8873-40AB-8800-B0BFA410F7C4}.Release|ARM.Build.0 = Release|Any CPU
		{431E9182-8873-40AB-8800-B0BFA410F7C4}.Release|ARM64.ActiveCfg = Release|Any CPU
		{431E9182-8873-40AB-8800-B0BFA410F7C4}.Release|ARM64.Build.0 = Release|Any CPU
		{431E9182-8873-40AB-8800-B0BFA410F7C4}.Release|x64.ActiveCfg = Release|Any CPU
		{431E9182-8873-40AB-8800-B0BFA410F7C4}.Release|x64.Build.0 = Release|Any CPU
		{431E9182-8873-40AB-8800-B0BFA410F7C4}.Release|x86.ActiveCfg = Release|Any CPU
		{431E9182-8873-40AB-8800-B0BFA410F7C4}.Release|x86.Build.0 = Release|Any CPU
		{53E56088-BA7F-4740-9C7A-E6E1B769B24D}.Debug|Any CPU.ActiveCfg = Debug|x64
		{53E56088-BA7F-4740-9C7A-E6E1B769B24D}.Debug|Any CPU.Build.0 = Debug|x64
		{53E56088-BA7F-4740-9C7A-E6E1B769B24D}.Debug|ARM.ActiveCfg = Debug|x64
		{53E56088-BA7F-4740-9C7A-E6E1B769B24D}.Debug|ARM.Build.0 = Debug|x64
		{53E56088-BA7F-4740-9C7A-E6E1B769B24D}.Debug|ARM64.ActiveCfg = Debug|x64
		{53E56088-BA7F-4740-9C7A-E6E1B769B24D}.Debug|ARM64.Build.0 = Debug|x64
		{53E56088-BA7F-4740-9C7A-E6E1B769B24D}.Debug|x64.ActiveCfg = Debug|x64
		{53E56088-BA7F-4740-9C7A-E6E1B769B24D}.Debug|x64.Build.0 = Debug|x64
		{53E56088-BA7F-4740-9C7A-E6E1B769B24D}.Debug|x86.ActiveCfg = Debug|x64
		{53E56088-BA7F-4740-9C7A-E6E1B769B24D}.Debug|x86.Build.0 = Debug|x64
		{53E56088-BA7F-4740-9C7A-E6E1B769B24D}.Release|Any CPU.ActiveCfg = Release|x64
		{53E56088-BA7F-4740-9C7A-E6E1B769B24D}.Release|Any CPU.Build.0 = Release|x64
		{53E56088-BA7F-4740-9C7A-E6E1B769B24D}.Release|ARM.ActiveCfg = Release|x64
		{53E56088-BA7F-4740-9C7A-E6E1B769B24D}.Release|ARM.Build.0 = Release|x64
		{53E56088-BA7F-4740-9C7A-E6E1B769B24D}.Release|ARM64.ActiveCfg = Release|x64
		{53E56088-BA7F-4740-9C7A-E6E1B769B24D}.Release|ARM64.Build.0 = Release|x64
		{53E56088-BA7F-4740-9C7A-E6E1B769B24D}.Release|x64.ActiveCfg = Release|x64
		{53E56088-BA7F-4740-9C7A-E6E1B769B24D}.Release|x64.Build.0 = Release|x64
		{53E56088-BA7F-4740-9C7A-E6E1B769B24D}.Release|x86.ActiveCfg = Release|x64
		{53E56088-BA7F-4740-9C7A-E6E1B769B24D}.Release|x86.Build.0 = Release|x64
		{FABEBB54-7E6E-4DCD-A4A3-D713EA38731B}.Debug|Any CPU.ActiveCfg = Debug|Any CPU
		{FABEBB54-7E6E-4DCD-A4A3-D713EA38731B}.Debug|Any CPU.Build.0 = Debug|Any CPU
		{FABEBB54-7E6E-4DCD-A4A3-D713EA38731B}.Debug|ARM.ActiveCfg = Debug|Any CPU
		{FABEBB54-7E6E-4DCD-A4A3-D713EA38731B}.Debug|ARM.Build.0 = Debug|Any CPU
		{FABEBB54-7E6E-4DCD-A4A3-D713EA38731B}.Debug|ARM64.ActiveCfg = Debug|Any CPU
		{FABEBB54-7E6E-4DCD-A4A3-D713EA38731B}.Debug|ARM64.Build.0 = Debug|Any CPU
		{FABEBB54-7E6E-4DCD-A4A3-D713EA38731B}.Debug|x64.ActiveCfg = Debug|Any CPU
		{FABEBB54-7E6E-4DCD-A4A3-D713EA38731B}.Debug|x64.Build.0 = Debug|Any CPU
		{FABEBB54-7E6E-4DCD-A4A3-D713EA38731B}.Debug|x86.ActiveCfg = Debug|Any CPU
		{FABEBB54-7E6E-4DCD-A4A3-D713EA38731B}.Debug|x86.Build.0 = Debug|Any CPU
		{FABEBB54-7E6E-4DCD-A4A3-D713EA38731B}.Release|Any CPU.ActiveCfg = Release|Any CPU
		{FABEBB54-7E6E-4DCD-A4A3-D713EA38731B}.Release|Any CPU.Build.0 = Release|Any CPU
		{FABEBB54-7E6E-4DCD-A4A3-D713EA38731B}.Release|ARM.ActiveCfg = Release|Any CPU
		{FABEBB54-7E6E-4DCD-A4A3-D713EA38731B}.Release|ARM.Build.0 = Release|Any CPU
		{FABEBB54-7E6E-4DCD-A4A3-D713EA38731B}.Release|ARM64.ActiveCfg = Release|Any CPU
		{FABEBB54-7E6E-4DCD-A4A3-D713EA38731B}.Release|ARM64.Build.0 = Release|Any CPU
		{FABEBB54-7E6E-4DCD-A4A3-D713EA38731B}.Release|x64.ActiveCfg = Release|Any CPU
		{FABEBB54-7E6E-4DCD-A4A3-D713EA38731B}.Release|x64.Build.0 = Release|Any CPU
		{FABEBB54-7E6E-4DCD-A4A3-D713EA38731B}.Release|x86.ActiveCfg = Release|Any CPU
		{FABEBB54-7E6E-4DCD-A4A3-D713EA38731B}.Release|x86.Build.0 = Release|Any CPU
		{95EE3B89-3300-4482-95A3-DC42EC8B3676}.Debug|Any CPU.ActiveCfg = Debug|x64
		{95EE3B89-3300-4482-95A3-DC42EC8B3676}.Debug|Any CPU.Build.0 = Debug|x64
		{95EE3B89-3300-4482-95A3-DC42EC8B3676}.Debug|ARM.ActiveCfg = Debug|x64
		{95EE3B89-3300-4482-95A3-DC42EC8B3676}.Debug|ARM.Build.0 = Debug|x64
		{95EE3B89-3300-4482-95A3-DC42EC8B3676}.Debug|ARM64.ActiveCfg = Debug|x64
		{95EE3B89-3300-4482-95A3-DC42EC8B3676}.Debug|ARM64.Build.0 = Debug|x64
		{95EE3B89-3300-4482-95A3-DC42EC8B3676}.Debug|x64.ActiveCfg = Debug|x64
		{95EE3B89-3300-4482-95A3-DC42EC8B3676}.Debug|x64.Build.0 = Debug|x64
		{95EE3B89-3300-4482-95A3-DC42EC8B3676}.Debug|x86.ActiveCfg = Debug|x64
		{95EE3B89-3300-4482-95A3-DC42EC8B3676}.Debug|x86.Build.0 = Debug|x64
		{95EE3B89-3300-4482-95A3-DC42EC8B3676}.Release|Any CPU.ActiveCfg = Release|x64
		{95EE3B89-3300-4482-95A3-DC42EC8B3676}.Release|Any CPU.Build.0 = Release|x64
		{95EE3B89-3300-4482-95A3-DC42EC8B3676}.Release|ARM.ActiveCfg = Release|x64
		{95EE3B89-3300-4482-95A3-DC42EC8B3676}.Release|ARM.Build.0 = Release|x64
		{95EE3B89-3300-4482-95A3-DC42EC8B3676}.Release|ARM64.ActiveCfg = Release|x64
		{95EE3B89-3300-4482-95A3-DC42EC8B3676}.Release|ARM64.Build.0 = Release|x64
		{95EE3B89-3300-4482-95A3-DC42EC8B3676}.Release|x64.ActiveCfg = Release|x64
		{95EE3B89-3300-4482-95A3-DC42EC8B3676}.Release|x64.Build.0 = Release|x64
		{95EE3B89-3300-4482-95A3-DC42EC8B3676}.Release|x86.ActiveCfg = Release|x64
		{95EE3B89-3300-4482-95A3-DC42EC8B3676}.Release|x86.Build.0 = Release|x64
		{77C8C5E7-4AB3-49FF-B8CD-4EE0B850576A}.Debug|Any CPU.ActiveCfg = Debug|x64
		{77C8C5E7-4AB3-49FF-B8CD-4EE0B850576A}.Debug|Any CPU.Build.0 = Debug|x64
		{77C8C5E7-4AB3-49FF-B8CD-4EE0B850576A}.Debug|ARM.ActiveCfg = Debug|x64
		{77C8C5E7-4AB3-49FF-B8CD-4EE0B850576A}.Debug|ARM.Build.0 = Debug|x64
		{77C8C5E7-4AB3-49FF-B8CD-4EE0B850576A}.Debug|ARM64.ActiveCfg = Debug|x64
		{77C8C5E7-4AB3-49FF-B8CD-4EE0B850576A}.Debug|ARM64.Build.0 = Debug|x64
		{77C8C5E7-4AB3-49FF-B8CD-4EE0B850576A}.Debug|x64.ActiveCfg = Debug|x64
		{77C8C5E7-4AB3-49FF-B8CD-4EE0B850576A}.Debug|x64.Build.0 = Debug|x64
		{77C8C5E7-4AB3-49FF-B8CD-4EE0B850576A}.Debug|x86.ActiveCfg = Debug|x64
		{77C8C5E7-4AB3-49FF-B8CD-4EE0B850576A}.Debug|x86.Build.0 = Debug|x64
		{77C8C5E7-4AB3-49FF-B8CD-4EE0B850576A}.Release|Any CPU.ActiveCfg = Release|x64
		{77C8C5E7-4AB3-49FF-B8CD-4EE0B850576A}.Release|Any CPU.Build.0 = Release|x64
		{77C8C5E7-4AB3-49FF-B8CD-4EE0B850576A}.Release|ARM.ActiveCfg = Release|x64
		{77C8C5E7-4AB3-49FF-B8CD-4EE0B850576A}.Release|ARM.Build.0 = Release|x64
		{77C8C5E7-4AB3-49FF-B8CD-4EE0B850576A}.Release|ARM64.ActiveCfg = Release|x64
		{77C8C5E7-4AB3-49FF-B8CD-4EE0B850576A}.Release|ARM64.Build.0 = Release|x64
		{77C8C5E7-4AB3-49FF-B8CD-4EE0B850576A}.Release|x64.ActiveCfg = Release|x64
		{77C8C5E7-4AB3-49FF-B8CD-4EE0B850576A}.Release|x64.Build.0 = Release|x64
		{77C8C5E7-4AB3-49FF-B8CD-4EE0B850576A}.Release|x86.ActiveCfg = Release|x64
		{77C8C5E7-4AB3-49FF-B8CD-4EE0B850576A}.Release|x86.Build.0 = Release|x64
		{47D6EAB0-FC66-4DFA-BF99-914878F019A5}.Debug|Any CPU.ActiveCfg = Debug|x86
		{47D6EAB0-FC66-4DFA-BF99-914878F019A5}.Debug|Any CPU.Build.0 = Debug|x86
		{47D6EAB0-FC66-4DFA-BF99-914878F019A5}.Debug|ARM.ActiveCfg = Debug|x86
		{47D6EAB0-FC66-4DFA-BF99-914878F019A5}.Debug|ARM.Build.0 = Debug|x86
		{47D6EAB0-FC66-4DFA-BF99-914878F019A5}.Debug|ARM64.ActiveCfg = Debug|x86
		{47D6EAB0-FC66-4DFA-BF99-914878F019A5}.Debug|ARM64.Build.0 = Debug|x86
		{47D6EAB0-FC66-4DFA-BF99-914878F019A5}.Debug|x64.ActiveCfg = Debug|x64
		{47D6EAB0-FC66-4DFA-BF99-914878F019A5}.Debug|x64.Build.0 = Debug|x64
		{47D6EAB0-FC66-4DFA-BF99-914878F019A5}.Debug|x86.ActiveCfg = Debug|x86
		{47D6EAB0-FC66-4DFA-BF99-914878F019A5}.Debug|x86.Build.0 = Debug|x86
		{47D6EAB0-FC66-4DFA-BF99-914878F019A5}.Release|Any CPU.ActiveCfg = Release|x86
		{47D6EAB0-FC66-4DFA-BF99-914878F019A5}.Release|Any CPU.Build.0 = Release|x86
		{47D6EAB0-FC66-4DFA-BF99-914878F019A5}.Release|ARM.ActiveCfg = Release|x86
		{47D6EAB0-FC66-4DFA-BF99-914878F019A5}.Release|ARM.Build.0 = Release|x86
		{47D6EAB0-FC66-4DFA-BF99-914878F019A5}.Release|ARM64.ActiveCfg = Release|x86
		{47D6EAB0-FC66-4DFA-BF99-914878F019A5}.Release|ARM64.Build.0 = Release|x86
		{47D6EAB0-FC66-4DFA-BF99-914878F019A5}.Release|x64.ActiveCfg = Release|x64
		{47D6EAB0-FC66-4DFA-BF99-914878F019A5}.Release|x64.Build.0 = Release|x64
		{47D6EAB0-FC66-4DFA-BF99-914878F019A5}.Release|x86.ActiveCfg = Release|x86
		{47D6EAB0-FC66-4DFA-BF99-914878F019A5}.Release|x86.Build.0 = Release|x86
		{1A94767C-756F-44BA-9443-8053F2BCA2AC}.Debug|Any CPU.ActiveCfg = Debug|Any CPU
		{1A94767C-756F-44BA-9443-8053F2BCA2AC}.Debug|Any CPU.Build.0 = Debug|Any CPU
		{1A94767C-756F-44BA-9443-8053F2BCA2AC}.Debug|ARM.ActiveCfg = Debug|Any CPU
		{1A94767C-756F-44BA-9443-8053F2BCA2AC}.Debug|ARM.Build.0 = Debug|Any CPU
		{1A94767C-756F-44BA-9443-8053F2BCA2AC}.Debug|ARM64.ActiveCfg = Debug|Any CPU
		{1A94767C-756F-44BA-9443-8053F2BCA2AC}.Debug|ARM64.Build.0 = Debug|Any CPU
		{1A94767C-756F-44BA-9443-8053F2BCA2AC}.Debug|x64.ActiveCfg = Debug|Any CPU
		{1A94767C-756F-44BA-9443-8053F2BCA2AC}.Debug|x64.Build.0 = Debug|Any CPU
		{1A94767C-756F-44BA-9443-8053F2BCA2AC}.Debug|x86.ActiveCfg = Debug|Any CPU
		{1A94767C-756F-44BA-9443-8053F2BCA2AC}.Debug|x86.Build.0 = Debug|Any CPU
		{1A94767C-756F-44BA-9443-8053F2BCA2AC}.Release|Any CPU.ActiveCfg = Release|Any CPU
		{1A94767C-756F-44BA-9443-8053F2BCA2AC}.Release|Any CPU.Build.0 = Release|Any CPU
		{1A94767C-756F-44BA-9443-8053F2BCA2AC}.Release|ARM.ActiveCfg = Release|Any CPU
		{1A94767C-756F-44BA-9443-8053F2BCA2AC}.Release|ARM.Build.0 = Release|Any CPU
		{1A94767C-756F-44BA-9443-8053F2BCA2AC}.Release|ARM64.ActiveCfg = Release|Any CPU
		{1A94767C-756F-44BA-9443-8053F2BCA2AC}.Release|ARM64.Build.0 = Release|Any CPU
		{1A94767C-756F-44BA-9443-8053F2BCA2AC}.Release|x64.ActiveCfg = Release|Any CPU
		{1A94767C-756F-44BA-9443-8053F2BCA2AC}.Release|x64.Build.0 = Release|Any CPU
		{1A94767C-756F-44BA-9443-8053F2BCA2AC}.Release|x86.ActiveCfg = Release|Any CPU
		{1A94767C-756F-44BA-9443-8053F2BCA2AC}.Release|x86.Build.0 = Release|Any CPU
		{7CD5A242-7058-4FDA-B999-11C2BBFEC587}.Debug|Any CPU.ActiveCfg = Debug|Any CPU
		{7CD5A242-7058-4FDA-B999-11C2BBFEC587}.Debug|Any CPU.Build.0 = Debug|Any CPU
		{7CD5A242-7058-4FDA-B999-11C2BBFEC587}.Debug|ARM.ActiveCfg = Debug|Any CPU
		{7CD5A242-7058-4FDA-B999-11C2BBFEC587}.Debug|ARM.Build.0 = Debug|Any CPU
		{7CD5A242-7058-4FDA-B999-11C2BBFEC587}.Debug|ARM64.ActiveCfg = Debug|Any CPU
		{7CD5A242-7058-4FDA-B999-11C2BBFEC587}.Debug|ARM64.Build.0 = Debug|Any CPU
		{7CD5A242-7058-4FDA-B999-11C2BBFEC587}.Debug|x64.ActiveCfg = Debug|Any CPU
		{7CD5A242-7058-4FDA-B999-11C2BBFEC587}.Debug|x64.Build.0 = Debug|Any CPU
		{7CD5A242-7058-4FDA-B999-11C2BBFEC587}.Debug|x86.ActiveCfg = Debug|Any CPU
		{7CD5A242-7058-4FDA-B999-11C2BBFEC587}.Debug|x86.Build.0 = Debug|Any CPU
		{7CD5A242-7058-4FDA-B999-11C2BBFEC587}.Release|Any CPU.ActiveCfg = Release|Any CPU
		{7CD5A242-7058-4FDA-B999-11C2BBFEC587}.Release|Any CPU.Build.0 = Release|Any CPU
		{7CD5A242-7058-4FDA-B999-11C2BBFEC587}.Release|ARM.ActiveCfg = Release|Any CPU
		{7CD5A242-7058-4FDA-B999-11C2BBFEC587}.Release|ARM.Build.0 = Release|Any CPU
		{7CD5A242-7058-4FDA-B999-11C2BBFEC587}.Release|ARM64.ActiveCfg = Release|Any CPU
		{7CD5A242-7058-4FDA-B999-11C2BBFEC587}.Release|ARM64.Build.0 = Release|Any CPU
		{7CD5A242-7058-4FDA-B999-11C2BBFEC587}.Release|x64.ActiveCfg = Release|Any CPU
		{7CD5A242-7058-4FDA-B999-11C2BBFEC587}.Release|x64.Build.0 = Release|Any CPU
		{7CD5A242-7058-4FDA-B999-11C2BBFEC587}.Release|x86.ActiveCfg = Release|Any CPU
		{7CD5A242-7058-4FDA-B999-11C2BBFEC587}.Release|x86.Build.0 = Release|Any CPU
		{B909FF06-34EB-4085-9AF8-983113BB3DA3}.Debug|Any CPU.ActiveCfg = Debug|Any CPU
		{B909FF06-34EB-4085-9AF8-983113BB3DA3}.Debug|Any CPU.Build.0 = Debug|Any CPU
		{B909FF06-34EB-4085-9AF8-983113BB3DA3}.Debug|ARM.ActiveCfg = Debug|Any CPU
		{B909FF06-34EB-4085-9AF8-983113BB3DA3}.Debug|ARM.Build.0 = Debug|Any CPU
		{B909FF06-34EB-4085-9AF8-983113BB3DA3}.Debug|ARM64.ActiveCfg = Debug|Any CPU
		{B909FF06-34EB-4085-9AF8-983113BB3DA3}.Debug|ARM64.Build.0 = Debug|Any CPU
		{B909FF06-34EB-4085-9AF8-983113BB3DA3}.Debug|x64.ActiveCfg = Debug|Any CPU
		{B909FF06-34EB-4085-9AF8-983113BB3DA3}.Debug|x64.Build.0 = Debug|Any CPU
		{B909FF06-34EB-4085-9AF8-983113BB3DA3}.Debug|x86.ActiveCfg = Debug|Any CPU
		{B909FF06-34EB-4085-9AF8-983113BB3DA3}.Debug|x86.Build.0 = Debug|Any CPU
		{B909FF06-34EB-4085-9AF8-983113BB3DA3}.Release|Any CPU.ActiveCfg = Release|Any CPU
		{B909FF06-34EB-4085-9AF8-983113BB3DA3}.Release|Any CPU.Build.0 = Release|Any CPU
		{B909FF06-34EB-4085-9AF8-983113BB3DA3}.Release|ARM.ActiveCfg = Release|Any CPU
		{B909FF06-34EB-4085-9AF8-983113BB3DA3}.Release|ARM.Build.0 = Release|Any CPU
		{B909FF06-34EB-4085-9AF8-983113BB3DA3}.Release|ARM64.ActiveCfg = Release|Any CPU
		{B909FF06-34EB-4085-9AF8-983113BB3DA3}.Release|ARM64.Build.0 = Release|Any CPU
		{B909FF06-34EB-4085-9AF8-983113BB3DA3}.Release|x64.ActiveCfg = Release|Any CPU
		{B909FF06-34EB-4085-9AF8-983113BB3DA3}.Release|x64.Build.0 = Release|Any CPU
		{B909FF06-34EB-4085-9AF8-983113BB3DA3}.Release|x86.ActiveCfg = Release|Any CPU
		{B909FF06-34EB-4085-9AF8-983113BB3DA3}.Release|x86.Build.0 = Release|Any CPU
		{12C6932E-2934-4F51-9218-5D399384AC59}.Debug|Any CPU.ActiveCfg = Debug|Any CPU
		{12C6932E-2934-4F51-9218-5D399384AC59}.Debug|Any CPU.Build.0 = Debug|Any CPU
		{12C6932E-2934-4F51-9218-5D399384AC59}.Debug|ARM.ActiveCfg = Debug|Any CPU
		{12C6932E-2934-4F51-9218-5D399384AC59}.Debug|ARM.Build.0 = Debug|Any CPU
		{12C6932E-2934-4F51-9218-5D399384AC59}.Debug|ARM64.ActiveCfg = Debug|Any CPU
		{12C6932E-2934-4F51-9218-5D399384AC59}.Debug|ARM64.Build.0 = Debug|Any CPU
		{12C6932E-2934-4F51-9218-5D399384AC59}.Debug|x64.ActiveCfg = Debug|Any CPU
		{12C6932E-2934-4F51-9218-5D399384AC59}.Debug|x64.Build.0 = Debug|Any CPU
		{12C6932E-2934-4F51-9218-5D399384AC59}.Debug|x86.ActiveCfg = Debug|Any CPU
		{12C6932E-2934-4F51-9218-5D399384AC59}.Debug|x86.Build.0 = Debug|Any CPU
		{12C6932E-2934-4F51-9218-5D399384AC59}.Release|Any CPU.ActiveCfg = Release|Any CPU
		{12C6932E-2934-4F51-9218-5D399384AC59}.Release|Any CPU.Build.0 = Release|Any CPU
		{12C6932E-2934-4F51-9218-5D399384AC59}.Release|ARM.ActiveCfg = Release|Any CPU
		{12C6932E-2934-4F51-9218-5D399384AC59}.Release|ARM.Build.0 = Release|Any CPU
		{12C6932E-2934-4F51-9218-5D399384AC59}.Release|ARM64.ActiveCfg = Release|Any CPU
		{12C6932E-2934-4F51-9218-5D399384AC59}.Release|ARM64.Build.0 = Release|Any CPU
		{12C6932E-2934-4F51-9218-5D399384AC59}.Release|x64.ActiveCfg = Release|Any CPU
		{12C6932E-2934-4F51-9218-5D399384AC59}.Release|x64.Build.0 = Release|Any CPU
		{12C6932E-2934-4F51-9218-5D399384AC59}.Release|x86.ActiveCfg = Release|Any CPU
		{12C6932E-2934-4F51-9218-5D399384AC59}.Release|x86.Build.0 = Release|Any CPU
	EndGlobalSection
	GlobalSection(SolutionProperties) = preSolution
		HideSolutionNode = FALSE
	EndGlobalSection
	GlobalSection(NestedProjects) = preSolution
		{2ED64300-CB6A-4CB3-B687-D2795395FC44} = {14C11ACF-171B-498A-B05E-1FBA845B8405}
		{764A2B71-F267-4C2E-A4CD-33E050659BD6} = {2ABBA2EF-6FEE-4F81-BF64-A1AB02BEE2C5}
		{42BB6EC1-E806-4B5B-A242-1662AAE7BF25} = {9F087828-7FA8-47AC-81F3-5CC574414030}
		{EA51B66E-0862-4D79-8FB9-4BB1ED2CFB59} = {2ABBA2EF-6FEE-4F81-BF64-A1AB02BEE2C5}
		{4D0745FB-910A-42F9-BC0C-B20812895A35} = {2ABBA2EF-6FEE-4F81-BF64-A1AB02BEE2C5}
		{E9A8832F-C368-4652-9A9C-B6C87D4C5084} = {2ABBA2EF-6FEE-4F81-BF64-A1AB02BEE2C5}
		{D60ACAE0-C246-4936-B92B-B756841DB545} = {9F087828-7FA8-47AC-81F3-5CC574414030}
		{18B2E4E7-CB77-44C3-865B-BE05620ABA4D} = {9F087828-7FA8-47AC-81F3-5CC574414030}
		{8AC2F80A-0648-45D4-9F2E-B4422C4D1A9B} = {3F91218E-BE78-4C76-8A97-C2CD48E72FE8}
		{810AB1B7-D4EF-4DF0-9C09-5347A8A612CA} = {6D8C3511-BC01-45B5-82BF-DECE39DFB129}
		{6D8C3511-BC01-45B5-82BF-DECE39DFB129} = {2ABBA2EF-6FEE-4F81-BF64-A1AB02BEE2C5}
		{1BB04D34-CEB7-4F51-8D02-980150E4C2A5} = {6D8C3511-BC01-45B5-82BF-DECE39DFB129}
		{8EC9F0AE-F6C7-47CC-9407-3F8140DF52C6} = {2ABBA2EF-6FEE-4F81-BF64-A1AB02BEE2C5}
		{244506BE-7F72-4A4F-8E22-2AF438399C05} = {2ABBA2EF-6FEE-4F81-BF64-A1AB02BEE2C5}
		{F504805E-3A89-41DD-88D4-8319B5A31265} = {3F91218E-BE78-4C76-8A97-C2CD48E72FE8}
		{431E9182-8873-40AB-8800-B0BFA410F7C4} = {9F087828-7FA8-47AC-81F3-5CC574414030}
		{9C16F18C-6215-4C89-B23F-AC7FB2389BB9} = {244506BE-7F72-4A4F-8E22-2AF438399C05}
		{499B80A6-308E-4DEB-845E-E77780766462} = {244506BE-7F72-4A4F-8E22-2AF438399C05}
		{53E56088-BA7F-4740-9C7A-E6E1B769B24D} = {9C16F18C-6215-4C89-B23F-AC7FB2389BB9}
		{FABEBB54-7E6E-4DCD-A4A3-D713EA38731B} = {499B80A6-308E-4DEB-845E-E77780766462}
		{02492374-64B7-4FA3-BD31-7353CFEE8CE1} = {2ABBA2EF-6FEE-4F81-BF64-A1AB02BEE2C5}
		{9B9E7187-1FB1-453B-884D-D5AA1BC8A9AD} = {02492374-64B7-4FA3-BD31-7353CFEE8CE1}
		{007FB3FA-5AC9-41CF-8C2A-B01AADC19EE0} = {02492374-64B7-4FA3-BD31-7353CFEE8CE1}
		{97E48573-3641-4B1A-BABC-DA48CAE9F9E1} = {02492374-64B7-4FA3-BD31-7353CFEE8CE1}
		{95EE3B89-3300-4482-95A3-DC42EC8B3676} = {9B9E7187-1FB1-453B-884D-D5AA1BC8A9AD}
		{77C8C5E7-4AB3-49FF-B8CD-4EE0B850576A} = {007FB3FA-5AC9-41CF-8C2A-B01AADC19EE0}
		{47D6EAB0-FC66-4DFA-BF99-914878F019A5} = {97E48573-3641-4B1A-BABC-DA48CAE9F9E1}
		{1A94767C-756F-44BA-9443-8053F2BCA2AC} = {6D8C3511-BC01-45B5-82BF-DECE39DFB129}
		{7CD5A242-7058-4FDA-B999-11C2BBFEC587} = {14C11ACF-171B-498A-B05E-1FBA845B8405}
		{B909FF06-34EB-4085-9AF8-983113BB3DA3} = {14C11ACF-171B-498A-B05E-1FBA845B8405}
		{12C6932E-2934-4F51-9218-5D399384AC59} = {6D8C3511-BC01-45B5-82BF-DECE39DFB129}
	EndGlobalSection
	GlobalSection(ExtensibilityGlobals) = postSolution
		SolutionGuid = {ACCCA607-3FFA-4A98-AB4B-302FEDF13D01}
	EndGlobalSection
EndGlobal
